// !$*UTF8*$!
{
	archiveVersion = 1;
	classes = {
	};
	objectVersion = 51;
	objects = {

/* Begin PBXBuildFile section */
		38C20BB60C644C7F96F57495 /* Pods_ZhangYangTests.framework in Frameworks */ = {isa = PBXBuildFile; fileRef = D83D336C885809D10873D0C7 /* Pods_ZhangYangTests.framework */; };
		969EA4072472C5190008CD17 /* AppDelegate.m in Sources */ = {isa = PBXBuildFile; fileRef = 969EA4062472C5190008CD17 /* AppDelegate.m */; };
		969EA40A2472C5190008CD17 /* SceneDelegate.m in Sources */ = {isa = PBXBuildFile; fileRef = 969EA4092472C5190008CD17 /* SceneDelegate.m */; };
		969EA40D2472C5190008CD17 /* ViewController.m in Sources */ = {isa = PBXBuildFile; fileRef = 969EA40C2472C5190008CD17 /* ViewController.m */; };
		969EA4102472C5190008CD17 /* Main.storyboard in Resources */ = {isa = PBXBuildFile; fileRef = 969EA40E2472C5190008CD17 /* Main.storyboard */; };
		969EA4132472C5190008CD17 /* ZhangYang.xcdatamodeld in Sources */ = {isa = PBXBuildFile; fileRef = 969EA4112472C5190008CD17 /* ZhangYang.xcdatamodeld */; };
		969EA4152472C51A0008CD17 /* Assets.xcassets in Resources */ = {isa = PBXBuildFile; fileRef = 969EA4142472C51A0008CD17 /* Assets.xcassets */; };
		969EA4182472C51A0008CD17 /* LaunchScreen.storyboard in Resources */ = {isa = PBXBuildFile; fileRef = 969EA4162472C51A0008CD17 /* LaunchScreen.storyboard */; };
		969EA41B2472C51A0008CD17 /* main.m in Sources */ = {isa = PBXBuildFile; fileRef = 969EA41A2472C51A0008CD17 /* main.m */; };
		969EA4252472C51B0008CD17 /* ZhangYangTests.m in Sources */ = {isa = PBXBuildFile; fileRef = 969EA4242472C51B0008CD17 /* ZhangYangTests.m */; };
		969EA4302472C51B0008CD17 /* ZhangYangUITests.m in Sources */ = {isa = PBXBuildFile; fileRef = 969EA42F2472C51B0008CD17 /* ZhangYangUITests.m */; };
		969EA4432472D1F90008CD17 /* MessageCreateApi.m in Sources */ = {isa = PBXBuildFile; fileRef = 969EA4422472D1F90008CD17 /* MessageCreateApi.m */; };
		969EA4462472D20C0008CD17 /* MessageGetApi.m in Sources */ = {isa = PBXBuildFile; fileRef = 969EA4452472D20C0008CD17 /* MessageGetApi.m */; };
		969EA4492472D2AE0008CD17 /* MessageModel.m in Sources */ = {isa = PBXBuildFile; fileRef = 969EA4482472D2AE0008CD17 /* MessageModel.m */; };
		969EA44E2472D6210008CD17 /* MessageGetModel.m in Sources */ = {isa = PBXBuildFile; fileRef = 969EA44D2472D6210008CD17 /* MessageGetModel.m */; };
		969EA4532472E1360008CD17 /* MessageListController.m in Sources */ = {isa = PBXBuildFile; fileRef = 969EA4522472E1360008CD17 /* MessageListController.m */; };
		969EA4562472E17E0008CD17 /* MessageCell.m in Sources */ = {isa = PBXBuildFile; fileRef = 969EA4552472E17E0008CD17 /* MessageCell.m */; };
		969EA45A2472E2520008CD17 /* MessageListViewModel.m in Sources */ = {isa = PBXBuildFile; fileRef = 969EA4592472E2520008CD17 /* MessageListViewModel.m */; };
		969EA45D2472E6A40008CD17 /* MessageCreateViewModel.m in Sources */ = {isa = PBXBuildFile; fileRef = 969EA45C2472E6A40008CD17 /* MessageCreateViewModel.m */; };
		969EA46024736C280008CD17 /* MessageItems.m in Sources */ = {isa = PBXBuildFile; fileRef = 969EA45F24736C280008CD17 /* MessageItems.m */; };
		969EA46324736DD10008CD17 /* MessageCellViewModel.m in Sources */ = {isa = PBXBuildFile; fileRef = 969EA46224736DD10008CD17 /* MessageCellViewModel.m */; };
		969EA46624737F4D0008CD17 /* CreateMessageViewController.m in Sources */ = {isa = PBXBuildFile; fileRef = 969EA46524737F4D0008CD17 /* CreateMessageViewController.m */; };
		ACF89B93D2BBBE30600DD00A /* Pods_ZhangYang.framework in Frameworks */ = {isa = PBXBuildFile; fileRef = 99E3F78C35378B6AFB78F681 /* Pods_ZhangYang.framework */; };
		E682D352AC3E2C6C6FEE6CD0 /* Pods_ZhangYang_ZhangYangUITests.framework in Frameworks */ = {isa = PBXBuildFile; fileRef = 950457C097FE46966F748E2A /* Pods_ZhangYang_ZhangYangUITests.framework */; };
/* End PBXBuildFile section */

/* Begin PBXContainerItemProxy section */
		969EA4212472C51B0008CD17 /* PBXContainerItemProxy */ = {
			isa = PBXContainerItemProxy;
			containerPortal = 969EA3FA2472C5190008CD17 /* Project object */;
			proxyType = 1;
			remoteGlobalIDString = 969EA4012472C5190008CD17;
			remoteInfo = ZhangYang;
		};
		969EA42C2472C51B0008CD17 /* PBXContainerItemProxy */ = {
			isa = PBXContainerItemProxy;
			containerPortal = 969EA3FA2472C5190008CD17 /* Project object */;
			proxyType = 1;
			remoteGlobalIDString = 969EA4012472C5190008CD17;
			remoteInfo = ZhangYang;
		};
/* End PBXContainerItemProxy section */

/* Begin PBXFileReference section */
		01589F63D86870EF53C9C883 /* Pods-ZhangYangTests.release.xcconfig */ = {isa = PBXFileReference; includeInIndex = 1; lastKnownFileType = text.xcconfig; name = "Pods-ZhangYangTests.release.xcconfig"; path = "Target Support Files/Pods-ZhangYangTests/Pods-ZhangYangTests.release.xcconfig"; sourceTree = "<group>"; };
		70BAB5953B0EC6C2B9EAD6D6 /* Pods-ZhangYang-ZhangYangUITests.release.xcconfig */ = {isa = PBXFileReference; includeInIndex = 1; lastKnownFileType = text.xcconfig; name = "Pods-ZhangYang-ZhangYangUITests.release.xcconfig"; path = "Target Support Files/Pods-ZhangYang-ZhangYangUITests/Pods-ZhangYang-ZhangYangUITests.release.xcconfig"; sourceTree = "<group>"; };
		73F4512D41F7224DA839323F /* Pods-ZhangYang.debug.xcconfig */ = {isa = PBXFileReference; includeInIndex = 1; lastKnownFileType = text.xcconfig; name = "Pods-ZhangYang.debug.xcconfig"; path = "Target Support Files/Pods-ZhangYang/Pods-ZhangYang.debug.xcconfig"; sourceTree = "<group>"; };
		950457C097FE46966F748E2A /* Pods_ZhangYang_ZhangYangUITests.framework */ = {isa = PBXFileReference; explicitFileType = wrapper.framework; includeInIndex = 0; path = Pods_ZhangYang_ZhangYangUITests.framework; sourceTree = BUILT_PRODUCTS_DIR; };
		969EA4022472C5190008CD17 /* ZhangYang.app */ = {isa = PBXFileReference; explicitFileType = wrapper.application; includeInIndex = 0; path = ZhangYang.app; sourceTree = BUILT_PRODUCTS_DIR; };
		969EA4052472C5190008CD17 /* AppDelegate.h */ = {isa = PBXFileReference; lastKnownFileType = sourcecode.c.h; path = AppDelegate.h; sourceTree = "<group>"; };
		969EA4062472C5190008CD17 /* AppDelegate.m */ = {isa = PBXFileReference; lastKnownFileType = sourcecode.c.objc; path = AppDelegate.m; sourceTree = "<group>"; };
		969EA4082472C5190008CD17 /* SceneDelegate.h */ = {isa = PBXFileReference; lastKnownFileType = sourcecode.c.h; path = SceneDelegate.h; sourceTree = "<group>"; };
		969EA4092472C5190008CD17 /* SceneDelegate.m */ = {isa = PBXFileReference; lastKnownFileType = sourcecode.c.objc; path = SceneDelegate.m; sourceTree = "<group>"; };
		969EA40B2472C5190008CD17 /* ViewController.h */ = {isa = PBXFileReference; lastKnownFileType = sourcecode.c.h; path = ViewController.h; sourceTree = "<group>"; };
		969EA40C2472C5190008CD17 /* ViewController.m */ = {isa = PBXFileReference; lastKnownFileType = sourcecode.c.objc; path = ViewController.m; sourceTree = "<group>"; };
		969EA40F2472C5190008CD17 /* Base */ = {isa = PBXFileReference; lastKnownFileType = file.storyboard; name = Base; path = Base.lproj/Main.storyboard; sourceTree = "<group>"; };
		969EA4122472C5190008CD17 /* ZhangYang.xcdatamodel */ = {isa = PBXFileReference; lastKnownFileType = wrapper.xcdatamodel; path = ZhangYang.xcdatamodel; sourceTree = "<group>"; };
		969EA4142472C51A0008CD17 /* Assets.xcassets */ = {isa = PBXFileReference; lastKnownFileType = folder.assetcatalog; path = Assets.xcassets; sourceTree = "<group>"; };
		969EA4172472C51A0008CD17 /* Base */ = {isa = PBXFileReference; lastKnownFileType = file.storyboard; name = Base; path = Base.lproj/LaunchScreen.storyboard; sourceTree = "<group>"; };
		969EA4192472C51A0008CD17 /* Info.plist */ = {isa = PBXFileReference; lastKnownFileType = text.plist.xml; path = Info.plist; sourceTree = "<group>"; };
		969EA41A2472C51A0008CD17 /* main.m */ = {isa = PBXFileReference; lastKnownFileType = sourcecode.c.objc; path = main.m; sourceTree = "<group>"; };
		969EA4202472C51B0008CD17 /* ZhangYangTests.xctest */ = {isa = PBXFileReference; explicitFileType = wrapper.cfbundle; includeInIndex = 0; path = ZhangYangTests.xctest; sourceTree = BUILT_PRODUCTS_DIR; };
		969EA4242472C51B0008CD17 /* ZhangYangTests.m */ = {isa = PBXFileReference; lastKnownFileType = sourcecode.c.objc; path = ZhangYangTests.m; sourceTree = "<group>"; };
		969EA4262472C51B0008CD17 /* Info.plist */ = {isa = PBXFileReference; lastKnownFileType = text.plist.xml; path = Info.plist; sourceTree = "<group>"; };
		969EA42B2472C51B0008CD17 /* ZhangYangUITests.xctest */ = {isa = PBXFileReference; explicitFileType = wrapper.cfbundle; includeInIndex = 0; path = ZhangYangUITests.xctest; sourceTree = BUILT_PRODUCTS_DIR; };
		969EA42F2472C51B0008CD17 /* ZhangYangUITests.m */ = {isa = PBXFileReference; lastKnownFileType = sourcecode.c.objc; path = ZhangYangUITests.m; sourceTree = "<group>"; };
		969EA4312472C51B0008CD17 /* Info.plist */ = {isa = PBXFileReference; lastKnownFileType = text.plist.xml; path = Info.plist; sourceTree = "<group>"; };
		969EA43F2472CEC10008CD17 /* ZhangYangPreHeader.pch */ = {isa = PBXFileReference; lastKnownFileType = sourcecode.c.h; path = ZhangYangPreHeader.pch; sourceTree = "<group>"; };
		969EA4412472D1F90008CD17 /* MessageCreateApi.h */ = {isa = PBXFileReference; lastKnownFileType = sourcecode.c.h; path = MessageCreateApi.h; sourceTree = "<group>"; };
		969EA4422472D1F90008CD17 /* MessageCreateApi.m */ = {isa = PBXFileReference; lastKnownFileType = sourcecode.c.objc; path = MessageCreateApi.m; sourceTree = "<group>"; };
		969EA4442472D20C0008CD17 /* MessageGetApi.h */ = {isa = PBXFileReference; lastKnownFileType = sourcecode.c.h; path = MessageGetApi.h; sourceTree = "<group>"; };
		969EA4452472D20C0008CD17 /* MessageGetApi.m */ = {isa = PBXFileReference; lastKnownFileType = sourcecode.c.objc; path = MessageGetApi.m; sourceTree = "<group>"; };
		969EA4472472D2AE0008CD17 /* MessageModel.h */ = {isa = PBXFileReference; lastKnownFileType = sourcecode.c.h; path = MessageModel.h; sourceTree = "<group>"; };
		969EA4482472D2AE0008CD17 /* MessageModel.m */ = {isa = PBXFileReference; lastKnownFileType = sourcecode.c.objc; path = MessageModel.m; sourceTree = "<group>"; };
		969EA44C2472D6210008CD17 /* MessageGetModel.h */ = {isa = PBXFileReference; lastKnownFileType = sourcecode.c.h; path = MessageGetModel.h; sourceTree = "<group>"; };
		969EA44D2472D6210008CD17 /* MessageGetModel.m */ = {isa = PBXFileReference; lastKnownFileType = sourcecode.c.objc; path = MessageGetModel.m; sourceTree = "<group>"; };
		969EA4512472E1360008CD17 /* MessageListController.h */ = {isa = PBXFileReference; lastKnownFileType = sourcecode.c.h; path = MessageListController.h; sourceTree = "<group>"; };
		969EA4522472E1360008CD17 /* MessageListController.m */ = {isa = PBXFileReference; lastKnownFileType = sourcecode.c.objc; path = MessageListController.m; sourceTree = "<group>"; };
		969EA4542472E17E0008CD17 /* MessageCell.h */ = {isa = PBXFileReference; lastKnownFileType = sourcecode.c.h; path = MessageCell.h; sourceTree = "<group>"; };
		969EA4552472E17E0008CD17 /* MessageCell.m */ = {isa = PBXFileReference; lastKnownFileType = sourcecode.c.objc; path = MessageCell.m; sourceTree = "<group>"; };
		969EA4582472E2520008CD17 /* MessageListViewModel.h */ = {isa = PBXFileReference; lastKnownFileType = sourcecode.c.h; path = MessageListViewModel.h; sourceTree = "<group>"; };
		969EA4592472E2520008CD17 /* MessageListViewModel.m */ = {isa = PBXFileReference; lastKnownFileType = sourcecode.c.objc; path = MessageListViewModel.m; sourceTree = "<group>"; };
		969EA45B2472E6A40008CD17 /* MessageCreateViewModel.h */ = {isa = PBXFileReference; lastKnownFileType = sourcecode.c.h; path = MessageCreateViewModel.h; sourceTree = "<group>"; };
		969EA45C2472E6A40008CD17 /* MessageCreateViewModel.m */ = {isa = PBXFileReference; lastKnownFileType = sourcecode.c.objc; path = MessageCreateViewModel.m; sourceTree = "<group>"; };
		969EA45E24736C280008CD17 /* MessageItems.h */ = {isa = PBXFileReference; lastKnownFileType = sourcecode.c.h; path = MessageItems.h; sourceTree = "<group>"; };
		969EA45F24736C280008CD17 /* MessageItems.m */ = {isa = PBXFileReference; lastKnownFileType = sourcecode.c.objc; path = MessageItems.m; sourceTree = "<group>"; };
		969EA46124736DD10008CD17 /* MessageCellViewModel.h */ = {isa = PBXFileReference; lastKnownFileType = sourcecode.c.h; path = MessageCellViewModel.h; sourceTree = "<group>"; };
		969EA46224736DD10008CD17 /* MessageCellViewModel.m */ = {isa = PBXFileReference; lastKnownFileType = sourcecode.c.objc; path = MessageCellViewModel.m; sourceTree = "<group>"; };
		969EA46424737F4D0008CD17 /* CreateMessageViewController.h */ = {isa = PBXFileReference; lastKnownFileType = sourcecode.c.h; path = CreateMessageViewController.h; sourceTree = "<group>"; };
		969EA46524737F4D0008CD17 /* CreateMessageViewController.m */ = {isa = PBXFileReference; lastKnownFileType = sourcecode.c.objc; path = CreateMessageViewController.m; sourceTree = "<group>"; };
		990240727146A4D458D178AB /* Pods-ZhangYang-ZhangYangUITests.debug.xcconfig */ = {isa = PBXFileReference; includeInIndex = 1; lastKnownFileType = text.xcconfig; name = "Pods-ZhangYang-ZhangYangUITests.debug.xcconfig"; path = "Target Support Files/Pods-ZhangYang-ZhangYangUITests/Pods-ZhangYang-ZhangYangUITests.debug.xcconfig"; sourceTree = "<group>"; };
		99E3F78C35378B6AFB78F681 /* Pods_ZhangYang.framework */ = {isa = PBXFileReference; explicitFileType = wrapper.framework; includeInIndex = 0; path = Pods_ZhangYang.framework; sourceTree = BUILT_PRODUCTS_DIR; };
		A50D93C166F9DD8922C7B7B9 /* Pods-ZhangYangTests.debug.xcconfig */ = {isa = PBXFileReference; includeInIndex = 1; lastKnownFileType = text.xcconfig; name = "Pods-ZhangYangTests.debug.xcconfig"; path = "Target Support Files/Pods-ZhangYangTests/Pods-ZhangYangTests.debug.xcconfig"; sourceTree = "<group>"; };
		D83D336C885809D10873D0C7 /* Pods_ZhangYangTests.framework */ = {isa = PBXFileReference; explicitFileType = wrapper.framework; includeInIndex = 0; path = Pods_ZhangYangTests.framework; sourceTree = BUILT_PRODUCTS_DIR; };
		FE0CAD1B4FB7C10FD86D615B /* Pods-ZhangYang.release.xcconfig */ = {isa = PBXFileReference; includeInIndex = 1; lastKnownFileType = text.xcconfig; name = "Pods-ZhangYang.release.xcconfig"; path = "Target Support Files/Pods-ZhangYang/Pods-ZhangYang.release.xcconfig"; sourceTree = "<group>"; };
/* End PBXFileReference section */

/* Begin PBXFrameworksBuildPhase section */
		969EA3FF2472C5190008CD17 /* Frameworks */ = {
			isa = PBXFrameworksBuildPhase;
			buildActionMask = 2147483647;
			files = (
				ACF89B93D2BBBE30600DD00A /* Pods_ZhangYang.framework in Frameworks */,
			);
			runOnlyForDeploymentPostprocessing = 0;
		};
		969EA41D2472C51B0008CD17 /* Frameworks */ = {
			isa = PBXFrameworksBuildPhase;
			buildActionMask = 2147483647;
			files = (
				38C20BB60C644C7F96F57495 /* Pods_ZhangYangTests.framework in Frameworks */,
			);
			runOnlyForDeploymentPostprocessing = 0;
		};
		969EA4282472C51B0008CD17 /* Frameworks */ = {
			isa = PBXFrameworksBuildPhase;
			buildActionMask = 2147483647;
			files = (
				E682D352AC3E2C6C6FEE6CD0 /* Pods_ZhangYang_ZhangYangUITests.framework in Frameworks */,
			);
			runOnlyForDeploymentPostprocessing = 0;
		};
/* End PBXFrameworksBuildPhase section */

/* Begin PBXGroup section */
		969EA3F92472C5190008CD17 = {
			isa = PBXGroup;
			children = (
				969EA4042472C5190008CD17 /* ZhangYang */,
				969EA4232472C51B0008CD17 /* ZhangYangTests */,
				969EA42E2472C51B0008CD17 /* ZhangYangUITests */,
				969EA4032472C5190008CD17 /* Products */,
				D97B2FDFFED1FEA8CEC49173 /* Pods */,
				E57729603098CCDA6BA760BA /* Frameworks */,
			);
			sourceTree = "<group>";
		};
		969EA4032472C5190008CD17 /* Products */ = {
			isa = PBXGroup;
			children = (
				969EA4022472C5190008CD17 /* ZhangYang.app */,
				969EA4202472C51B0008CD17 /* ZhangYangTests.xctest */,
				969EA42B2472C51B0008CD17 /* ZhangYangUITests.xctest */,
			);
			name = Products;
			sourceTree = "<group>";
		};
		969EA4042472C5190008CD17 /* ZhangYang */ = {
			isa = PBXGroup;
			children = (
				969EA4572472E2390008CD17 /* ViewModel */,
				969EA4502472DF6F0008CD17 /* Controller */,
				969EA44F2472DF690008CD17 /* View */,
				969EA44B2472D5BE0008CD17 /* Model */,
				969EA4402472D1690008CD17 /* NetWork */,
				969EA43E2472CE8D0008CD17 /* Macro */,
				969EA4052472C5190008CD17 /* AppDelegate.h */,
				969EA4062472C5190008CD17 /* AppDelegate.m */,
				969EA4082472C5190008CD17 /* SceneDelegate.h */,
				969EA4092472C5190008CD17 /* SceneDelegate.m */,
				969EA40B2472C5190008CD17 /* ViewController.h */,
				969EA40C2472C5190008CD17 /* ViewController.m */,
				969EA40E2472C5190008CD17 /* Main.storyboard */,
				969EA4142472C51A0008CD17 /* Assets.xcassets */,
				969EA4162472C51A0008CD17 /* LaunchScreen.storyboard */,
				969EA4192472C51A0008CD17 /* Info.plist */,
				969EA41A2472C51A0008CD17 /* main.m */,
				969EA4112472C5190008CD17 /* ZhangYang.xcdatamodeld */,
			);
			path = ZhangYang;
			sourceTree = "<group>";
		};
		969EA4232472C51B0008CD17 /* ZhangYangTests */ = {
			isa = PBXGroup;
			children = (
				969EA4242472C51B0008CD17 /* ZhangYangTests.m */,
				969EA4262472C51B0008CD17 /* Info.plist */,
			);
			path = ZhangYangTests;
			sourceTree = "<group>";
		};
		969EA42E2472C51B0008CD17 /* ZhangYangUITests */ = {
			isa = PBXGroup;
			children = (
				969EA42F2472C51B0008CD17 /* ZhangYangUITests.m */,
				969EA4312472C51B0008CD17 /* Info.plist */,
			);
			path = ZhangYangUITests;
			sourceTree = "<group>";
		};
		969EA43E2472CE8D0008CD17 /* Macro */ = {
			isa = PBXGroup;
			children = (
				969EA43F2472CEC10008CD17 /* ZhangYangPreHeader.pch */,
			);
			path = Macro;
			sourceTree = "<group>";
		};
		969EA4402472D1690008CD17 /* NetWork */ = {
			isa = PBXGroup;
			children = (
				969EA4412472D1F90008CD17 /* MessageCreateApi.h */,
				969EA4422472D1F90008CD17 /* MessageCreateApi.m */,
				969EA4442472D20C0008CD17 /* MessageGetApi.h */,
				969EA4452472D20C0008CD17 /* MessageGetApi.m */,
			);
			path = NetWork;
			sourceTree = "<group>";
		};
		969EA44B2472D5BE0008CD17 /* Model */ = {
			isa = PBXGroup;
			children = (
				969EA4472472D2AE0008CD17 /* MessageModel.h */,
				969EA4482472D2AE0008CD17 /* MessageModel.m */,
				969EA45E24736C280008CD17 /* MessageItems.h */,
				969EA45F24736C280008CD17 /* MessageItems.m */,
				969EA44C2472D6210008CD17 /* MessageGetModel.h */,
				969EA44D2472D6210008CD17 /* MessageGetModel.m */,
			);
			path = Model;
			sourceTree = "<group>";
		};
		969EA44F2472DF690008CD17 /* View */ = {
			isa = PBXGroup;
			children = (
				969EA4542472E17E0008CD17 /* MessageCell.h */,
				969EA4552472E17E0008CD17 /* MessageCell.m */,
			);
			path = View;
			sourceTree = "<group>";
		};
		969EA4502472DF6F0008CD17 /* Controller */ = {
			isa = PBXGroup;
			children = (
				969EA4512472E1360008CD17 /* MessageListController.h */,
				969EA4522472E1360008CD17 /* MessageListController.m */,
				969EA46424737F4D0008CD17 /* CreateMessageViewController.h */,
				969EA46524737F4D0008CD17 /* CreateMessageViewController.m */,
			);
			path = Controller;
			sourceTree = "<group>";
		};
		969EA4572472E2390008CD17 /* ViewModel */ = {
			isa = PBXGroup;
			children = (
				969EA4582472E2520008CD17 /* MessageListViewModel.h */,
				969EA4592472E2520008CD17 /* MessageListViewModel.m */,
				969EA45B2472E6A40008CD17 /* MessageCreateViewModel.h */,
				969EA45C2472E6A40008CD17 /* MessageCreateViewModel.m */,
				969EA46124736DD10008CD17 /* MessageCellViewModel.h */,
				969EA46224736DD10008CD17 /* MessageCellViewModel.m */,
			);
			path = ViewModel;
			sourceTree = "<group>";
		};
		D97B2FDFFED1FEA8CEC49173 /* Pods */ = {
			isa = PBXGroup;
			children = (
				73F4512D41F7224DA839323F /* Pods-ZhangYang.debug.xcconfig */,
				FE0CAD1B4FB7C10FD86D615B /* Pods-ZhangYang.release.xcconfig */,
				990240727146A4D458D178AB /* Pods-ZhangYang-ZhangYangUITests.debug.xcconfig */,
				70BAB5953B0EC6C2B9EAD6D6 /* Pods-ZhangYang-ZhangYangUITests.release.xcconfig */,
				A50D93C166F9DD8922C7B7B9 /* Pods-ZhangYangTests.debug.xcconfig */,
				01589F63D86870EF53C9C883 /* Pods-ZhangYangTests.release.xcconfig */,
			);
			path = Pods;
			sourceTree = "<group>";
		};
		E57729603098CCDA6BA760BA /* Frameworks */ = {
			isa = PBXGroup;
			children = (
				99E3F78C35378B6AFB78F681 /* Pods_ZhangYang.framework */,
				950457C097FE46966F748E2A /* Pods_ZhangYang_ZhangYangUITests.framework */,
				D83D336C885809D10873D0C7 /* Pods_ZhangYangTests.framework */,
			);
			name = Frameworks;
			sourceTree = "<group>";
		};
/* End PBXGroup section */

/* Begin PBXNativeTarget section */
		969EA4012472C5190008CD17 /* ZhangYang */ = {
			isa = PBXNativeTarget;
			buildConfigurationList = 969EA4342472C51B0008CD17 /* Build configuration list for PBXNativeTarget "ZhangYang" */;
			buildPhases = (
				BF9B53D229911B3B71DE16B7 /* [CP] Check Pods Manifest.lock */,
				969EA3FE2472C5190008CD17 /* Sources */,
				969EA3FF2472C5190008CD17 /* Frameworks */,
				969EA4002472C5190008CD17 /* Resources */,
				7E702DB7E5FE36358E7AD124 /* [CP] Embed Pods Frameworks */,
			);
			buildRules = (
			);
			dependencies = (
			);
			name = ZhangYang;
			productName = ZhangYang;
			productReference = 969EA4022472C5190008CD17 /* ZhangYang.app */;
			productType = "com.apple.product-type.application";
		};
		969EA41F2472C51B0008CD17 /* ZhangYangTests */ = {
			isa = PBXNativeTarget;
			buildConfigurationList = 969EA4372472C51B0008CD17 /* Build configuration list for PBXNativeTarget "ZhangYangTests" */;
			buildPhases = (
				B880D33B6AB42199D3354E8B /* [CP] Check Pods Manifest.lock */,
				969EA41C2472C51B0008CD17 /* Sources */,
				969EA41D2472C51B0008CD17 /* Frameworks */,
				969EA41E2472C51B0008CD17 /* Resources */,
			);
			buildRules = (
			);
			dependencies = (
				969EA4222472C51B0008CD17 /* PBXTargetDependency */,
			);
			name = ZhangYangTests;
			productName = ZhangYangTests;
			productReference = 969EA4202472C51B0008CD17 /* ZhangYangTests.xctest */;
			productType = "com.apple.product-type.bundle.unit-test";
		};
		969EA42A2472C51B0008CD17 /* ZhangYangUITests */ = {
			isa = PBXNativeTarget;
			buildConfigurationList = 969EA43A2472C51B0008CD17 /* Build configuration list for PBXNativeTarget "ZhangYangUITests" */;
			buildPhases = (
				B58145E26D9CF1F445DB6AC1 /* [CP] Check Pods Manifest.lock */,
				969EA4272472C51B0008CD17 /* Sources */,
				969EA4282472C51B0008CD17 /* Frameworks */,
				969EA4292472C51B0008CD17 /* Resources */,
				85358D8B17024C235D1A2DC3 /* [CP] Embed Pods Frameworks */,
			);
			buildRules = (
			);
			dependencies = (
				969EA42D2472C51B0008CD17 /* PBXTargetDependency */,
			);
			name = ZhangYangUITests;
			productName = ZhangYangUITests;
			productReference = 969EA42B2472C51B0008CD17 /* ZhangYangUITests.xctest */;
			productType = "com.apple.product-type.bundle.ui-testing";
		};
/* End PBXNativeTarget section */

/* Begin PBXProject section */
		969EA3FA2472C5190008CD17 /* Project object */ = {
			isa = PBXProject;
			attributes = {
				LastUpgradeCheck = 1140;
				ORGANIZATIONNAME = DUGU;
				TargetAttributes = {
					969EA4012472C5190008CD17 = {
						CreatedOnToolsVersion = 11.4.1;
					};
					969EA41F2472C51B0008CD17 = {
						CreatedOnToolsVersion = 11.4.1;
						TestTargetID = 969EA4012472C5190008CD17;
					};
					969EA42A2472C51B0008CD17 = {
						CreatedOnToolsVersion = 11.4.1;
						TestTargetID = 969EA4012472C5190008CD17;
					};
				};
			};
			buildConfigurationList = 969EA3FD2472C5190008CD17 /* Build configuration list for PBXProject "ZhangYang" */;
			compatibilityVersion = "Xcode 9.3";
			developmentRegion = en;
			hasScannedForEncodings = 0;
			knownRegions = (
				en,
				Base,
			);
			mainGroup = 969EA3F92472C5190008CD17;
			productRefGroup = 969EA4032472C5190008CD17 /* Products */;
			projectDirPath = "";
			projectRoot = "";
			targets = (
				969EA4012472C5190008CD17 /* ZhangYang */,
				969EA41F2472C51B0008CD17 /* ZhangYangTests */,
				969EA42A2472C51B0008CD17 /* ZhangYangUITests */,
			);
		};
/* End PBXProject section */

/* Begin PBXResourcesBuildPhase section */
		969EA4002472C5190008CD17 /* Resources */ = {
			isa = PBXResourcesBuildPhase;
			buildActionMask = 2147483647;
			files = (
				969EA4182472C51A0008CD17 /* LaunchScreen.storyboard in Resources */,
				969EA4152472C51A0008CD17 /* Assets.xcassets in Resources */,
				969EA4102472C5190008CD17 /* Main.storyboard in Resources */,
			);
			runOnlyForDeploymentPostprocessing = 0;
		};
		969EA41E2472C51B0008CD17 /* Resources */ = {
			isa = PBXResourcesBuildPhase;
			buildActionMask = 2147483647;
			files = (
			);
			runOnlyForDeploymentPostprocessing = 0;
		};
		969EA4292472C51B0008CD17 /* Resources */ = {
			isa = PBXResourcesBuildPhase;
			buildActionMask = 2147483647;
			files = (
			);
			runOnlyForDeploymentPostprocessing = 0;
		};
/* End PBXResourcesBuildPhase section */

/* Begin PBXShellScriptBuildPhase section */
		7E702DB7E5FE36358E7AD124 /* [CP] Embed Pods Frameworks */ = {
			isa = PBXShellScriptBuildPhase;
			buildActionMask = 2147483647;
			files = (
			);
			inputFileListPaths = (
				"${PODS_ROOT}/Target Support Files/Pods-ZhangYang/Pods-ZhangYang-frameworks-${CONFIGURATION}-input-files.xcfilelist",
			);
			name = "[CP] Embed Pods Frameworks";
			outputFileListPaths = (
				"${PODS_ROOT}/Target Support Files/Pods-ZhangYang/Pods-ZhangYang-frameworks-${CONFIGURATION}-output-files.xcfilelist",
			);
			runOnlyForDeploymentPostprocessing = 0;
			shellPath = /bin/sh;
			shellScript = "\"${PODS_ROOT}/Target Support Files/Pods-ZhangYang/Pods-ZhangYang-frameworks.sh\"\n";
			showEnvVarsInLog = 0;
		};
		85358D8B17024C235D1A2DC3 /* [CP] Embed Pods Frameworks */ = {
			isa = PBXShellScriptBuildPhase;
			buildActionMask = 2147483647;
			files = (
			);
			inputFileListPaths = (
				"${PODS_ROOT}/Target Support Files/Pods-ZhangYang-ZhangYangUITests/Pods-ZhangYang-ZhangYangUITests-frameworks-${CONFIGURATION}-input-files.xcfilelist",
			);
			name = "[CP] Embed Pods Frameworks";
			outputFileListPaths = (
				"${PODS_ROOT}/Target Support Files/Pods-ZhangYang-ZhangYangUITests/Pods-ZhangYang-ZhangYangUITests-frameworks-${CONFIGURATION}-output-files.xcfilelist",
			);
			runOnlyForDeploymentPostprocessing = 0;
			shellPath = /bin/sh;
			shellScript = "\"${PODS_ROOT}/Target Support Files/Pods-ZhangYang-ZhangYangUITests/Pods-ZhangYang-ZhangYangUITests-frameworks.sh\"\n";
			showEnvVarsInLog = 0;
		};
		B58145E26D9CF1F445DB6AC1 /* [CP] Check Pods Manifest.lock */ = {
			isa = PBXShellScriptBuildPhase;
			buildActionMask = 2147483647;
			files = (
			);
			inputFileListPaths = (
			);
			inputPaths = (
				"${PODS_PODFILE_DIR_PATH}/Podfile.lock",
				"${PODS_ROOT}/Manifest.lock",
			);
			name = "[CP] Check Pods Manifest.lock";
			outputFileListPaths = (
			);
			outputPaths = (
				"$(DERIVED_FILE_DIR)/Pods-ZhangYang-ZhangYangUITests-checkManifestLockResult.txt",
			);
			runOnlyForDeploymentPostprocessing = 0;
			shellPath = /bin/sh;
			shellScript = "diff \"${PODS_PODFILE_DIR_PATH}/Podfile.lock\" \"${PODS_ROOT}/Manifest.lock\" > /dev/null\nif [ $? != 0 ] ; then\n    # print error to STDERR\n    echo \"error: The sandbox is not in sync with the Podfile.lock. Run 'pod install' or update your CocoaPods installation.\" >&2\n    exit 1\nfi\n# This output is used by Xcode 'outputs' to avoid re-running this script phase.\necho \"SUCCESS\" > \"${SCRIPT_OUTPUT_FILE_0}\"\n";
			showEnvVarsInLog = 0;
		};
		B880D33B6AB42199D3354E8B /* [CP] Check Pods Manifest.lock */ = {
			isa = PBXShellScriptBuildPhase;
			buildActionMask = 2147483647;
			files = (
			);
			inputFileListPaths = (
			);
			inputPaths = (
				"${PODS_PODFILE_DIR_PATH}/Podfile.lock",
				"${PODS_ROOT}/Manifest.lock",
			);
			name = "[CP] Check Pods Manifest.lock";
			outputFileListPaths = (
			);
			outputPaths = (
				"$(DERIVED_FILE_DIR)/Pods-ZhangYangTests-checkManifestLockResult.txt",
			);
			runOnlyForDeploymentPostprocessing = 0;
			shellPath = /bin/sh;
			shellScript = "diff \"${PODS_PODFILE_DIR_PATH}/Podfile.lock\" \"${PODS_ROOT}/Manifest.lock\" > /dev/null\nif [ $? != 0 ] ; then\n    # print error to STDERR\n    echo \"error: The sandbox is not in sync with the Podfile.lock. Run 'pod install' or update your CocoaPods installation.\" >&2\n    exit 1\nfi\n# This output is used by Xcode 'outputs' to avoid re-running this script phase.\necho \"SUCCESS\" > \"${SCRIPT_OUTPUT_FILE_0}\"\n";
			showEnvVarsInLog = 0;
		};
		BF9B53D229911B3B71DE16B7 /* [CP] Check Pods Manifest.lock */ = {
			isa = PBXShellScriptBuildPhase;
			buildActionMask = 2147483647;
			files = (
			);
			inputFileListPaths = (
			);
			inputPaths = (
				"${PODS_PODFILE_DIR_PATH}/Podfile.lock",
				"${PODS_ROOT}/Manifest.lock",
			);
			name = "[CP] Check Pods Manifest.lock";
			outputFileListPaths = (
			);
			outputPaths = (
				"$(DERIVED_FILE_DIR)/Pods-ZhangYang-checkManifestLockResult.txt",
			);
			runOnlyForDeploymentPostprocessing = 0;
			shellPath = /bin/sh;
			shellScript = "diff \"${PODS_PODFILE_DIR_PATH}/Podfile.lock\" \"${PODS_ROOT}/Manifest.lock\" > /dev/null\nif [ $? != 0 ] ; then\n    # print error to STDERR\n    echo \"error: The sandbox is not in sync with the Podfile.lock. Run 'pod install' or update your CocoaPods installation.\" >&2\n    exit 1\nfi\n# This output is used by Xcode 'outputs' to avoid re-running this script phase.\necho \"SUCCESS\" > \"${SCRIPT_OUTPUT_FILE_0}\"\n";
			showEnvVarsInLog = 0;
		};
/* End PBXShellScriptBuildPhase section */

/* Begin PBXSourcesBuildPhase section */
		969EA3FE2472C5190008CD17 /* Sources */ = {
			isa = PBXSourcesBuildPhase;
			buildActionMask = 2147483647;
			files = (
				969EA46624737F4D0008CD17 /* CreateMessageViewController.m in Sources */,
				969EA4432472D1F90008CD17 /* MessageCreateApi.m in Sources */,
				969EA4492472D2AE0008CD17 /* MessageModel.m in Sources */,
				969EA45D2472E6A40008CD17 /* MessageCreateViewModel.m in Sources */,
				969EA44E2472D6210008CD17 /* MessageGetModel.m in Sources */,
				969EA41B2472C51A0008CD17 /* main.m in Sources */,
				969EA40D2472C5190008CD17 /* ViewController.m in Sources */,
				969EA4532472E1360008CD17 /* MessageListController.m in Sources */,
				969EA45A2472E2520008CD17 /* MessageListViewModel.m in Sources */,
				969EA46024736C280008CD17 /* MessageItems.m in Sources */,
				969EA4132472C5190008CD17 /* ZhangYang.xcdatamodeld in Sources */,
				969EA4072472C5190008CD17 /* AppDelegate.m in Sources */,
				969EA4562472E17E0008CD17 /* MessageCell.m in Sources */,
				969EA40A2472C5190008CD17 /* SceneDelegate.m in Sources */,
				969EA46324736DD10008CD17 /* MessageCellViewModel.m in Sources */,
				969EA4462472D20C0008CD17 /* MessageGetApi.m in Sources */,
			);
			runOnlyForDeploymentPostprocessing = 0;
		};
		969EA41C2472C51B0008CD17 /* Sources */ = {
			isa = PBXSourcesBuildPhase;
			buildActionMask = 2147483647;
			files = (
				969EA4252472C51B0008CD17 /* ZhangYangTests.m in Sources */,
			);
			runOnlyForDeploymentPostprocessing = 0;
		};
		969EA4272472C51B0008CD17 /* Sources */ = {
			isa = PBXSourcesBuildPhase;
			buildActionMask = 2147483647;
			files = (
				969EA4302472C51B0008CD17 /* ZhangYangUITests.m in Sources */,
			);
			runOnlyForDeploymentPostprocessing = 0;
		};
/* End PBXSourcesBuildPhase section */

/* Begin PBXTargetDependency section */
		969EA4222472C51B0008CD17 /* PBXTargetDependency */ = {
			isa = PBXTargetDependency;
			target = 969EA4012472C5190008CD17 /* ZhangYang */;
			targetProxy = 969EA4212472C51B0008CD17 /* PBXContainerItemProxy */;
		};
		969EA42D2472C51B0008CD17 /* PBXTargetDependency */ = {
			isa = PBXTargetDependency;
			target = 969EA4012472C5190008CD17 /* ZhangYang */;
			targetProxy = 969EA42C2472C51B0008CD17 /* PBXContainerItemProxy */;
		};
/* End PBXTargetDependency section */

/* Begin PBXVariantGroup section */
		969EA40E2472C5190008CD17 /* Main.storyboard */ = {
			isa = PBXVariantGroup;
			children = (
				969EA40F2472C5190008CD17 /* Base */,
			);
			name = Main.storyboard;
			sourceTree = "<group>";
		};
		969EA4162472C51A0008CD17 /* LaunchScreen.storyboard */ = {
			isa = PBXVariantGroup;
			children = (
				969EA4172472C51A0008CD17 /* Base */,
			);
			name = LaunchScreen.storyboard;
			sourceTree = "<group>";
		};
/* End PBXVariantGroup section */

/* Begin XCBuildConfiguration section */
		969EA4322472C51B0008CD17 /* Debug */ = {
			isa = XCBuildConfiguration;
			buildSettings = {
				ALWAYS_SEARCH_USER_PATHS = NO;
				CLANG_ANALYZER_NONNULL = YES;
				CLANG_ANALYZER_NUMBER_OBJECT_CONVERSION = YES_AGGRESSIVE;
				CLANG_CXX_LANGUAGE_STANDARD = "gnu++14";
				CLANG_CXX_LIBRARY = "libc++";
				CLANG_ENABLE_MODULES = YES;
				CLANG_ENABLE_OBJC_ARC = YES;
				CLANG_ENABLE_OBJC_WEAK = YES;
				CLANG_WARN_BLOCK_CAPTURE_AUTORELEASING = YES;
				CLANG_WARN_BOOL_CONVERSION = YES;
				CLANG_WARN_COMMA = YES;
				CLANG_WARN_CONSTANT_CONVERSION = YES;
				CLANG_WARN_DEPRECATED_OBJC_IMPLEMENTATIONS = YES;
				CLANG_WARN_DIRECT_OBJC_ISA_USAGE = YES_ERROR;
				CLANG_WARN_DOCUMENTATION_COMMENTS = YES;
				CLANG_WARN_EMPTY_BODY = YES;
				CLANG_WARN_ENUM_CONVERSION = YES;
				CLANG_WARN_INFINITE_RECURSION = YES;
				CLANG_WARN_INT_CONVERSION = YES;
				CLANG_WARN_NON_LITERAL_NULL_CONVERSION = YES;
				CLANG_WARN_OBJC_IMPLICIT_RETAIN_SELF = YES;
				CLANG_WARN_OBJC_LITERAL_CONVERSION = YES;
				CLANG_WARN_OBJC_ROOT_CLASS = YES_ERROR;
				CLANG_WARN_RANGE_LOOP_ANALYSIS = YES;
				CLANG_WARN_STRICT_PROTOTYPES = YES;
				CLANG_WARN_SUSPICIOUS_MOVE = YES;
				CLANG_WARN_UNGUARDED_AVAILABILITY = YES_AGGRESSIVE;
				CLANG_WARN_UNREACHABLE_CODE = YES;
				CLANG_WARN__DUPLICATE_METHOD_MATCH = YES;
				COPY_PHASE_STRIP = NO;
				DEBUG_INFORMATION_FORMAT = dwarf;
				ENABLE_STRICT_OBJC_MSGSEND = YES;
				ENABLE_TESTABILITY = YES;
				GCC_C_LANGUAGE_STANDARD = gnu11;
				GCC_DYNAMIC_NO_PIC = NO;
				GCC_NO_COMMON_BLOCKS = YES;
				GCC_OPTIMIZATION_LEVEL = 0;
				GCC_PREPROCESSOR_DEFINITIONS = (
					"DEBUG=1",
					"$(inherited)",
				);
				GCC_WARN_64_TO_32_BIT_CONVERSION = YES;
				GCC_WARN_ABOUT_RETURN_TYPE = YES_ERROR;
				GCC_WARN_UNDECLARED_SELECTOR = YES;
				GCC_WARN_UNINITIALIZED_AUTOS = YES_AGGRESSIVE;
				GCC_WARN_UNUSED_FUNCTION = YES;
				GCC_WARN_UNUSED_VARIABLE = YES;
				IPHONEOS_DEPLOYMENT_TARGET = 13.4;
				MTL_ENABLE_DEBUG_INFO = INCLUDE_SOURCE;
				MTL_FAST_MATH = YES;
				ONLY_ACTIVE_ARCH = YES;
				SDKROOT = iphoneos;
			};
			name = Debug;
		};
		969EA4332472C51B0008CD17 /* Release */ = {
			isa = XCBuildConfiguration;
			buildSettings = {
				ALWAYS_SEARCH_USER_PATHS = NO;
				CLANG_ANALYZER_NONNULL = YES;
				CLANG_ANALYZER_NUMBER_OBJECT_CONVERSION = YES_AGGRESSIVE;
				CLANG_CXX_LANGUAGE_STANDARD = "gnu++14";
				CLANG_CXX_LIBRARY = "libc++";
				CLANG_ENABLE_MODULES = YES;
				CLANG_ENABLE_OBJC_ARC = YES;
				CLANG_ENABLE_OBJC_WEAK = YES;
				CLANG_WARN_BLOCK_CAPTURE_AUTORELEASING = YES;
				CLANG_WARN_BOOL_CONVERSION = YES;
				CLANG_WARN_COMMA = YES;
				CLANG_WARN_CONSTANT_CONVERSION = YES;
				CLANG_WARN_DEPRECATED_OBJC_IMPLEMENTATIONS = YES;
				CLANG_WARN_DIRECT_OBJC_ISA_USAGE = YES_ERROR;
				CLANG_WARN_DOCUMENTATION_COMMENTS = YES;
				CLANG_WARN_EMPTY_BODY = YES;
				CLANG_WARN_ENUM_CONVERSION = YES;
				CLANG_WARN_INFINITE_RECURSION = YES;
				CLANG_WARN_INT_CONVERSION = YES;
				CLANG_WARN_NON_LITERAL_NULL_CONVERSION = YES;
				CLANG_WARN_OBJC_IMPLICIT_RETAIN_SELF = YES;
				CLANG_WARN_OBJC_LITERAL_CONVERSION = YES;
				CLANG_WARN_OBJC_ROOT_CLASS = YES_ERROR;
				CLANG_WARN_RANGE_LOOP_ANALYSIS = YES;
				CLANG_WARN_STRICT_PROTOTYPES = YES;
				CLANG_WARN_SUSPICIOUS_MOVE = YES;
				CLANG_WARN_UNGUARDED_AVAILABILITY = YES_AGGRESSIVE;
				CLANG_WARN_UNREACHABLE_CODE = YES;
				CLANG_WARN__DUPLICATE_METHOD_MATCH = YES;
				COPY_PHASE_STRIP = NO;
				DEBUG_INFORMATION_FORMAT = "dwarf-with-dsym";
				ENABLE_NS_ASSERTIONS = NO;
				ENABLE_STRICT_OBJC_MSGSEND = YES;
				GCC_C_LANGUAGE_STANDARD = gnu11;
				GCC_NO_COMMON_BLOCKS = YES;
				GCC_WARN_64_TO_32_BIT_CONVERSION = YES;
				GCC_WARN_ABOUT_RETURN_TYPE = YES_ERROR;
				GCC_WARN_UNDECLARED_SELECTOR = YES;
				GCC_WARN_UNINITIALIZED_AUTOS = YES_AGGRESSIVE;
				GCC_WARN_UNUSED_FUNCTION = YES;
				GCC_WARN_UNUSED_VARIABLE = YES;
				IPHONEOS_DEPLOYMENT_TARGET = 13.4;
				MTL_ENABLE_DEBUG_INFO = NO;
				MTL_FAST_MATH = YES;
				SDKROOT = iphoneos;
				VALIDATE_PRODUCT = YES;
			};
			name = Release;
		};
		969EA4352472C51B0008CD17 /* Debug */ = {
			isa = XCBuildConfiguration;
			baseConfigurationReference = 73F4512D41F7224DA839323F /* Pods-ZhangYang.debug.xcconfig */;
			buildSettings = {
				ASSETCATALOG_COMPILER_APPICON_NAME = AppIcon;
				CODE_SIGN_STYLE = Automatic;
				DEVELOPMENT_TEAM = F2E4CPUT47;
				GCC_PREFIX_HEADER = "${SRCROOT}/Zhangyang/Macro/ZhangYangPreHeader.pch";
				INFOPLIST_FILE = ZhangYang/Info.plist;
				LD_RUNPATH_SEARCH_PATHS = (
					"$(inherited)",
					"@executable_path/Frameworks",
				);
				PRODUCT_BUNDLE_IDENTIFIER = com.qingyun.hou.ZhangYang;
				PRODUCT_NAME = "$(TARGET_NAME)";
				TARGETED_DEVICE_FAMILY = "1,2";
			};
			name = Debug;
		};
		969EA4362472C51B0008CD17 /* Release */ = {
			isa = XCBuildConfiguration;
			baseConfigurationReference = FE0CAD1B4FB7C10FD86D615B /* Pods-ZhangYang.release.xcconfig */;
			buildSettings = {
				ASSETCATALOG_COMPILER_APPICON_NAME = AppIcon;
				CODE_SIGN_STYLE = Automatic;
				DEVELOPMENT_TEAM = F2E4CPUT47;
				GCC_PREFIX_HEADER = "${SRCROOT}/Zhangyang/Macro/ZhangYangPreHeader.pch";
				INFOPLIST_FILE = ZhangYang/Info.plist;
				LD_RUNPATH_SEARCH_PATHS = (
					"$(inherited)",
					"@executable_path/Frameworks",
				);
				PRODUCT_BUNDLE_IDENTIFIER = com.qingyun.hou.ZhangYang;
				PRODUCT_NAME = "$(TARGET_NAME)";
				TARGETED_DEVICE_FAMILY = "1,2";
			};
			name = Release;
		};
		969EA4382472C51B0008CD17 /* Debug */ = {
			isa = XCBuildConfiguration;
			baseConfigurationReference = A50D93C166F9DD8922C7B7B9 /* Pods-ZhangYangTests.debug.xcconfig */;
			buildSettings = {
				BUNDLE_LOADER = "$(TEST_HOST)";
				CODE_SIGN_STYLE = Automatic;
				DEVELOPMENT_TEAM = F2E4CPUT47;
				INFOPLIST_FILE = ZhangYangTests/Info.plist;
				IPHONEOS_DEPLOYMENT_TARGET = 13.4;
				LD_RUNPATH_SEARCH_PATHS = (
					"$(inherited)",
					"@executable_path/Frameworks",
					"@loader_path/Frameworks",
				);
				PRODUCT_BUNDLE_IDENTIFIER = com.qingyun.hou.ZhangYangTests;
				PRODUCT_NAME = "$(TARGET_NAME)";
				TARGETED_DEVICE_FAMILY = "1,2";
				TEST_HOST = "$(BUILT_PRODUCTS_DIR)/ZhangYang.app/ZhangYang";
			};
			name = Debug;
		};
		969EA4392472C51B0008CD17 /* Release */ = {
			isa = XCBuildConfiguration;
			baseConfigurationReference = 01589F63D86870EF53C9C883 /* Pods-ZhangYangTests.release.xcconfig */;
			buildSettings = {
				BUNDLE_LOADER = "$(TEST_HOST)";
				CODE_SIGN_STYLE = Automatic;
				DEVELOPMENT_TEAM = F2E4CPUT47;
				INFOPLIST_FILE = ZhangYangTests/Info.plist;
				IPHONEOS_DEPLOYMENT_TARGET = 13.4;
				LD_RUNPATH_SEARCH_PATHS = (
					"$(inherited)",
					"@executable_path/Frameworks",
					"@loader_path/Frameworks",
				);
				PRODUCT_BUNDLE_IDENTIFIER = com.qingyun.hou.ZhangYangTests;
				PRODUCT_NAME = "$(TARGET_NAME)";
				TARGETED_DEVICE_FAMILY = "1,2";
				TEST_HOST = "$(BUILT_PRODUCTS_DIR)/ZhangYang.app/ZhangYang";
			};
			name = Release;
		};
		969EA43B2472C51B0008CD17 /* Debug */ = {
			isa = XCBuildConfiguration;
			baseConfigurationReference = 990240727146A4D458D178AB /* Pods-ZhangYang-ZhangYangUITests.debug.xcconfig */;
			buildSettings = {
				CODE_SIGN_STYLE = Automatic;
				DEVELOPMENT_TEAM = F2E4CPUT47;
				INFOPLIST_FILE = ZhangYangUITests/Info.plist;
				LD_RUNPATH_SEARCH_PATHS = (
					"$(inherited)",
					"@executable_path/Frameworks",
					"@loader_path/Frameworks",
				);
				PRODUCT_BUNDLE_IDENTIFIER = com.qingyun.hou.ZhangYangUITests;
				PRODUCT_NAME = "$(TARGET_NAME)";
				TARGETED_DEVICE_FAMILY = "1,2";
				TEST_TARGET_NAME = ZhangYang;
			};
			name = Debug;
		};
		969EA43C2472C51B0008CD17 /* Release */ = {
			isa = XCBuildConfiguration;
			baseConfigurationReference = 70BAB5953B0EC6C2B9EAD6D6 /* Pods-ZhangYang-ZhangYangUITests.release.xcconfig */;
			buildSettings = {
				CODE_SIGN_STYLE = Automatic;
				DEVELOPMENT_TEAM = F2E4CPUT47;
				INFOPLIST_FILE = ZhangYangUITests/Info.plist;
				LD_RUNPATH_SEARCH_PATHS = (
					"$(inherited)",
					"@executable_path/Frameworks",
					"@loader_path/Frameworks",
				);
				PRODUCT_BUNDLE_IDENTIFIER = com.qingyun.hou.ZhangYangUITests;
				PRODUCT_NAME = "$(TARGET_NAME)";
				TARGETED_DEVICE_FAMILY = "1,2";
				TEST_TARGET_NAME = ZhangYang;
			};
			name = Release;
		};
/* End XCBuildConfiguration section */

/* Begin XCConfigurationList section */
		969EA3FD2472C5190008CD17 /* Build configuration list for PBXProject "ZhangYang" */ = {
			isa = XCConfigurationList;
			buildConfigurations = (
				969EA4322472C51B0008CD17 /* Debug */,
				969EA4332472C51B0008CD17 /* Release */,
			);
			defaultConfigurationIsVisible = 0;
			defaultConfigurationName = Release;
		};
		969EA4342472C51B0008CD17 /* Build configuration list for PBXNativeTarget "ZhangYang" */ = {
			isa = XCConfigurationList;
			buildConfigurations = (
				969EA4352472C51B0008CD17 /* Debug */,
				969EA4362472C51B0008CD17 /* Release */,
			);
			defaultConfigurationIsVisible = 0;
			defaultConfigurationName = Release;
		};
		969EA4372472C51B0008CD17 /* Build configuration list for PBXNativeTarget "ZhangYangTests" */ = {
			isa = XCConfigurationList;
			buildConfigurations = (
				969EA4382472C51B0008CD17 /* Debug */,
				969EA4392472C51B0008CD17 /* Release */,
			);
			defaultConfigurationIsVisible = 0;
			defaultConfigurationName = Release;
		};
		969EA43A2472C51B0008CD17 /* Build configuration list for PBXNativeTarget "ZhangYangUITests" */ = {
			isa = XCConfigurationList;
			buildConfigurations = (
				969EA43B2472C51B0008CD17 /* Debug */,
				969EA43C2472C51B0008CD17 /* Release */,
			);
			defaultConfigurationIsVisible = 0;
			defaultConfigurationName = Release;
		};
/* End XCConfigurationList section */

/* Begin XCVersionGroup section */
		969EA4112472C5190008CD17 /* ZhangYang.xcdatamodeld */ = {
			isa = XCVersionGroup;
			children = (
				969EA4122472C5190008CD17 /* ZhangYang.xcdatamodel */,
			);
			currentVersion = 969EA4122472C5190008CD17 /* ZhangYang.xcdatamodel */;
			path = ZhangYang.xcdatamodeld;
			sourceTree = "<group>";
			versionGroupType = wrapper.xcdatamodel;
		};
/* End XCVersionGroup section */
	};
	rootObject = 969EA3FA2472C5190008CD17 /* Project object */;
}
